
Microsoft Visual Studio Solution File, Format Version 12.00
Project("{FAE04EC0-301F-11D3-BF4B-00C04F79EFBC}") = "APIServer", "APIServer.csproj", "{2D93865E-B175-4874-B5E1-67413C6BD1D4}"
EndProject
Global
	GlobalSection(SolutionConfigurationPlatforms) = preSolution
		Debug|Any CPU = Debug|Any CPU
		Release|Any CPU = Release|Any CPU
	EndGlobalSection
	GlobalSection(ProjectConfigurationPlatforms) = postSolution
		{2D93865E-B175-4874-B5E1-67413C6BD1D4}.Debug|Any CPU.ActiveCfg = Debug|Any CPU
		{2D93865E-B175-4874-B5E1-67413C6BD1D4}.Debug|Any CPU.Build.0 = Debug|Any CPU
		{2D93865E-B175-4874-B5E1-67413C6BD1D4}.Release|Any CPU.ActiveCfg = Release|Any CPU
		{2D93865E-B175-4874-B5E1-67413C6BD1D4}.Release|Any CPU.Build.0 = Release|Any CPU
	EndGlobalSection
EndGlobal
